
Microsoft Visual Studio Solution File, Format Version 12.00
# Visual Studio 14
VisualStudioVersion = 14.0.25420.1
MinimumVisualStudioVersion = 10.0.40219.1
Project("{FAE04EC0-301F-11D3-BF4B-00C04F79EFBC}") = "GameCriticApp", "GameCriticApp\GameCriticApp.csproj", "{FBB234D0-A661-4A75-9F3D-626489EC9DFF}"
EndProject
Project("{FAE04EC0-301F-11D3-BF4B-00C04F79EFBC}") = "GameCriticApp.Tests", "GameCriticApp.Tests\GameCriticApp.Tests.csproj", "{AF1FA920-5E72-4ECC-9FA6-194AEB5E83F2}"
EndProject
Global
	GlobalSection(SolutionConfigurationPlatforms) = preSolution
		Debug|Any CPU = Debug|Any CPU
		Release|Any CPU = Release|Any CPU
	EndGlobalSection
	GlobalSection(ProjectConfigurationPlatforms) = postSolution
		{FBB234D0-A661-4A75-9F3D-626489EC9DFF}.Debug|Any CPU.ActiveCfg = Debug|Any CPU
		{FBB234D0-A661-4A75-9F3D-626489EC9DFF}.Debug|Any CPU.Build.0 = Debug|Any CPU
		{FBB234D0-A661-4A75-9F3D-626489EC9DFF}.Release|Any CPU.ActiveCfg = Release|Any CPU
		{FBB234D0-A661-4A75-9F3D-626489EC9DFF}.Release|Any CPU.Build.0 = Release|Any CPU
		{AF1FA920-5E72-4ECC-9FA6-194AEB5E83F2}.Debug|Any CPU.ActiveCfg = Debug|Any CPU
		{AF1FA920-5E72-4ECC-9FA6-194AEB5E83F2}.Debug|Any CPU.Build.0 = Debug|Any CPU
		{AF1FA920-5E72-4ECC-9FA6-194AEB5E83F2}.Release|Any CPU.ActiveCfg = Release|Any CPU
		{AF1FA920-5E72-4ECC-9FA6-194AEB5E83F2}.Release|Any CPU.Build.0 = Release|Any CPU
	EndGlobalSection
	GlobalSection(SolutionProperties) = preSolution
		HideSolutionNode = FALSE
	EndGlobalSection
EndGlobal
